
Microsoft Visual Studio Solution File, Format Version 12.00
# Visual Studio Version 17
VisualStudioVersion = 17.14.36518.9 d17.14
MinimumVisualStudioVersion = 10.0.40219.1
Project("{FAE04EC0-301F-11D3-BF4B-00C04F79EFBC}") = "Lab#15", "Lab#15.csproj", "{1994D960-7C97-4D36-8560-BCB78B6152A7}"
EndProject
Global
	GlobalSection(SolutionConfigurationPlatforms) = preSolution
		Debug|Any CPU = Debug|Any CPU
		Release|Any CPU = Release|Any CPU
	EndGlobalSection
	GlobalSection(ProjectConfigurationPlatforms) = postSolution
		{1994D960-7C97-4D36-8560-BCB78B6152A7}.Debug|Any CPU.ActiveCfg = Debug|Any CPU
		{1994D960-7C97-4D36-8560-BCB78B6152A7}.Debug|Any CPU.Build.0 = Debug|Any CPU
		{1994D960-7C97-4D36-8560-BCB78B6152A7}.Release|Any CPU.ActiveCfg = Release|Any CPU
		{1994D960-7C97-4D36-8560-BCB78B6152A7}.Release|Any CPU.Build.0 = Release|Any CPU
	EndGlobalSection
	GlobalSection(SolutionProperties) = preSolution
		HideSolutionNode = FALSE
	EndGlobalSection
	GlobalSection(ExtensibilityGlobals) = postSolution
		SolutionGuid = {A686E41D-523F-405D-9FD0-FA1EC5E99D9A}
	EndGlobalSection
EndGlobal
