
Microsoft Visual Studio Solution File, Format Version 12.00
# Visual Studio Version 17
VisualStudioVersion = 17.14.36518.9 d17.14
MinimumVisualStudioVersion = 10.0.40219.1
Project("{FAE04EC0-301F-11D3-BF4B-00C04F79EFBC}") = "lab#9", "lab#9.csproj", "{7281B18A-1E39-41AE-AF86-7D90B5858E96}"
EndProject
Global
	GlobalSection(SolutionConfigurationPlatforms) = preSolution
		Debug|Any CPU = Debug|Any CPU
		Release|Any CPU = Release|Any CPU
	EndGlobalSection
	GlobalSection(ProjectConfigurationPlatforms) = postSolution
		{7281B18A-1E39-41AE-AF86-7D90B5858E96}.Debug|Any CPU.ActiveCfg = Debug|Any CPU
		{7281B18A-1E39-41AE-AF86-7D90B5858E96}.Debug|Any CPU.Build.0 = Debug|Any CPU
		{7281B18A-1E39-41AE-AF86-7D90B5858E96}.Release|Any CPU.ActiveCfg = Release|Any CPU
		{7281B18A-1E39-41AE-AF86-7D90B5858E96}.Release|Any CPU.Build.0 = Release|Any CPU
	EndGlobalSection
	GlobalSection(SolutionProperties) = preSolution
		HideSolutionNode = FALSE
	EndGlobalSection
	GlobalSection(ExtensibilityGlobals) = postSolution
		SolutionGuid = {63352B08-ABEC-4403-8ED4-15437AB5B09A}
	EndGlobalSection
EndGlobal
