
Microsoft Visual Studio Solution File, Format Version 12.00
# Visual Studio Version 17
VisualStudioVersion = 17.14.36414.22 d17.14
MinimumVisualStudioVersion = 10.0.40219.1
Project("{FAE04EC0-301F-11D3-BF4B-00C04F79EFBC}") = "Lab#4", "Lab#4.csproj", "{DD7AD332-7769-4D17-ADA1-16DCEC082FB0}"
EndProject
Global
	GlobalSection(SolutionConfigurationPlatforms) = preSolution
		Debug|Any CPU = Debug|Any CPU
		Release|Any CPU = Release|Any CPU
	EndGlobalSection
	GlobalSection(ProjectConfigurationPlatforms) = postSolution
		{DD7AD332-7769-4D17-ADA1-16DCEC082FB0}.Debug|Any CPU.ActiveCfg = Debug|Any CPU
		{DD7AD332-7769-4D17-ADA1-16DCEC082FB0}.Debug|Any CPU.Build.0 = Debug|Any CPU
		{DD7AD332-7769-4D17-ADA1-16DCEC082FB0}.Release|Any CPU.ActiveCfg = Release|Any CPU
		{DD7AD332-7769-4D17-ADA1-16DCEC082FB0}.Release|Any CPU.Build.0 = Release|Any CPU
	EndGlobalSection
	GlobalSection(SolutionProperties) = preSolution
		HideSolutionNode = FALSE
	EndGlobalSection
	GlobalSection(ExtensibilityGlobals) = postSolution
		SolutionGuid = {ACC0AF9D-F593-42CA-9376-C1BE07B3FC6B}
	EndGlobalSection
EndGlobal
