
Microsoft Visual Studio Solution File, Format Version 12.00
# Visual Studio Version 17
VisualStudioVersion = 17.14.36518.9 d17.14
MinimumVisualStudioVersion = 10.0.40219.1
Project("{FAE04EC0-301F-11D3-BF4B-00C04F79EFBC}") = "Lab#14", "Lab#14.csproj", "{7EA61673-AF61-4CDC-A1BE-873F01CC80DE}"
EndProject
Global
	GlobalSection(SolutionConfigurationPlatforms) = preSolution
		Debug|Any CPU = Debug|Any CPU
		Release|Any CPU = Release|Any CPU
	EndGlobalSection
	GlobalSection(ProjectConfigurationPlatforms) = postSolution
		{7EA61673-AF61-4CDC-A1BE-873F01CC80DE}.Debug|Any CPU.ActiveCfg = Debug|Any CPU
		{7EA61673-AF61-4CDC-A1BE-873F01CC80DE}.Debug|Any CPU.Build.0 = Debug|Any CPU
		{7EA61673-AF61-4CDC-A1BE-873F01CC80DE}.Release|Any CPU.ActiveCfg = Release|Any CPU
		{7EA61673-AF61-4CDC-A1BE-873F01CC80DE}.Release|Any CPU.Build.0 = Release|Any CPU
	EndGlobalSection
	GlobalSection(SolutionProperties) = preSolution
		HideSolutionNode = FALSE
	EndGlobalSection
	GlobalSection(ExtensibilityGlobals) = postSolution
		SolutionGuid = {3C030FC3-F396-4BB4-BCD6-D7CEF48C620E}
	EndGlobalSection
EndGlobal
