
Microsoft Visual Studio Solution File, Format Version 12.00
# Visual Studio Version 17
VisualStudioVersion = 17.13.35931.197 d17.13
MinimumVisualStudioVersion = 10.0.40219.1
Project("{FAE04EC0-301F-11D3-BF4B-00C04F79EFBC}") = "Lab#2", "Lab#2.csproj", "{16CB93C3-8E04-40D3-B19D-C10D682EC547}"
EndProject
Global
	GlobalSection(SolutionConfigurationPlatforms) = preSolution
		Debug|Any CPU = Debug|Any CPU
		Release|Any CPU = Release|Any CPU
	EndGlobalSection
	GlobalSection(ProjectConfigurationPlatforms) = postSolution
		{16CB93C3-8E04-40D3-B19D-C10D682EC547}.Debug|Any CPU.ActiveCfg = Debug|Any CPU
		{16CB93C3-8E04-40D3-B19D-C10D682EC547}.Debug|Any CPU.Build.0 = Debug|Any CPU
		{16CB93C3-8E04-40D3-B19D-C10D682EC547}.Release|Any CPU.ActiveCfg = Release|Any CPU
		{16CB93C3-8E04-40D3-B19D-C10D682EC547}.Release|Any CPU.Build.0 = Release|Any CPU
	EndGlobalSection
	GlobalSection(SolutionProperties) = preSolution
		HideSolutionNode = FALSE
	EndGlobalSection
	GlobalSection(ExtensibilityGlobals) = postSolution
		SolutionGuid = {FCB61A69-2B39-45B1-8538-ED623A6DB13B}
	EndGlobalSection
EndGlobal
